{
  "name": "decgen",
  "version": "0.0.1",
  "lockfileVersion": 1,
  "requires": true,
  "dependencies": {
    "mock-fs": {
      "version": "4.10.1",
      "resolved": "https://registry.npmjs.org/mock-fs/-/mock-fs-4.10.1.tgz",
      "integrity": "sha512-w22rOL5ZYu6HbUehB5deurghGM0hS/xBVyHMGKOuQctkk93J9z9VEOhDsiWrXOprVNQpP9uzGKdl8v9mFspKuw==",
      "dev": true
    }
  }
}
